Microsoft Visual Studio Solution File, Format Version 12.00
# Visual Studio 15
VisualStudioVersion = 15.0.28307.421
MinimumVisualStudioVersion = 10.0.40219.1
Project("{9A19103F-16F7-4668-BE54-9A1E7A4F7556}") = "cSharpPro", "cSharpPro\cSharpPro.csproj", "{4398342D-7408-4945-B5FE-E58F94449FD7}"
EndProject
Global
	GlobalSection(SolutionConfigurationPlatforms) = preSolution
		Debug|Any CPU = Debug|Any CPU
		Release|Any CPU = Release|Any CPU
	EndGlobalSection
	GlobalSection(ProjectConfigurationPlatforms) = postSolution
		{4398342D-7408-4945-B5FE-E58F94449FD7}.Debug|Any CPU.ActiveCfg = Debug|Any CPU
		{4398342D-7408-4945-B5FE-E58F94449FD7}.Debug|Any CPU.Build.0 = Debug|Any CPU
		{4398342D-7408-4945-B5FE-E58F94449FD7}.Release|Any CPU.ActiveCfg = Release|Any CPU
		{4398342D-7408-4945-B5FE-E58F94449FD7}.Release|Any CPU.Build.0 = Release|Any CPU
	EndGlobalSection
	GlobalSection(SolutionProperties) = preSolution
		HideSolutionNode = FALSE
	EndGlobalSection
	GlobalSection(ExtensibilityGlobals) = postSolution
		SolutionGuid = {0E214E60-C20F-4DE4-A67D-C5832AD5D648}
	EndGlobalSection
EndGlobal
